// !$*UTF8*$!
{
	archiveVersion = 1;
	classes = {
	};
	objectVersion = 56;
	objects = {

/* Begin PBXBuildFile section */
		720E5E452970A3AB00EFD063 /* AppDelegate.swift in Sources */ = {isa = PBXBuildFile; fileRef = 720E5E442970A3AB00EFD063 /* AppDelegate.swift */; };
		720E5E472970A3AB00EFD063 /* SceneDelegate.swift in Sources */ = {isa = PBXBuildFile; fileRef = 720E5E462970A3AB00EFD063 /* SceneDelegate.swift */; };
		720E5E492970A3AB00EFD063 /* ViewController.swift in Sources */ = {isa = PBXBuildFile; fileRef = 720E5E482970A3AB00EFD063 /* ViewController.swift */; };
		720E5E4C2970A3AB00EFD063 /* Main.storyboard in Resources */ = {isa = PBXBuildFile; fileRef = 720E5E4A2970A3AB00EFD063 /* Main.storyboard */; };
		720E5E4E2970A3AC00EFD063 /* Assets.xcassets in Resources */ = {isa = PBXBuildFile; fileRef = 720E5E4D2970A3AC00EFD063 /* Assets.xcassets */; };
		720E5E512970A3AC00EFD063 /* LaunchScreen.storyboard in Resources */ = {isa = PBXBuildFile; fileRef = 720E5E4F2970A3AC00EFD063 /* LaunchScreen.storyboard */; };
		72C8DB0029719D0B001F0C9F /* Rowdies-Regular.ttf in Resources */ = {isa = PBXBuildFile; fileRef = 72C8DAFF29719D0B001F0C9F /* Rowdies-Regular.ttf */; };
/* End PBXBuildFile section */

/* Begin PBXFileReference section */
		720E5E412970A3AB00EFD063 /* Odev3.app */ = {isa = PBXFileReference; explicitFileType = wrapper.application; includeInIndex = 0; path = Odev3.app; sourceTree = BUILT_PRODUCTS_DIR; };
		720E5E442970A3AB00EFD063 /* AppDelegate.swift */ = {isa = PBXFileReference; lastKnownFileType = sourcecode.swift; path = AppDelegate.swift; sourceTree = "<group>"; };
		720E5E462970A3AB00EFD063 /* SceneDelegate.swift */ = {isa = PBXFileReference; lastKnownFileType = sourcecode.swift; path = SceneDelegate.swift; sourceTree = "<group>"; };
		720E5E482970A3AB00EFD063 /* ViewController.swift */ = {isa = PBXFileReference; lastKnownFileType = sourcecode.swift; path = ViewController.swift; sourceTree = "<group>"; };
		720E5E4B2970A3AB00EFD063 /* Base */ = {isa = PBXFileReference; lastKnownFileType = file.storyboard; name = Base; path = Base.lproj/Main.storyboard; sourceTree = "<group>"; };
		720E5E4D2970A3AC00EFD063 /* Assets.xcassets */ = {isa = PBXFileReference; lastKnownFileType = folder.assetcatalog; path = Assets.xcassets; sourceTree = "<group>"; };
		720E5E502970A3AC00EFD063 /* Base */ = {isa = PBXFileReference; lastKnownFileType = file.storyboard; name = Base; path = Base.lproj/LaunchScreen.storyboard; sourceTree = "<group>"; };
		720E5E522970A3AC00EFD063 /* Info.plist */ = {isa = PBXFileReference; lastKnownFileType = text.plist.xml; path = Info.plist; sourceTree = "<group>"; };
		72140E5D2972CDB900AC114E /* tr */ = {isa = PBXFileReference; lastKnownFileType = text.plist.strings; name = tr; path = tr.lproj/Main.strings; sourceTree = "<group>"; };
		72140E5E2972CDB900AC114E /* tr */ = {isa = PBXFileReference; lastKnownFileType = text.plist.strings; name = tr; path = tr.lproj/LaunchScreen.strings; sourceTree = "<group>"; };
		72C8DAFF29719D0B001F0C9F /* Rowdies-Regular.ttf */ = {isa = PBXFileReference; lastKnownFileType = file; path = "Rowdies-Regular.ttf"; sourceTree = "<group>"; };
/* End PBXFileReference section */

/* Begin PBXFrameworksBuildPhase section */
		720E5E3E2970A3AB00EFD063 /* Frameworks */ = {
			isa = PBXFrameworksBuildPhase;
			buildActionMask = 2147483647;
			files = (
			);
			runOnlyForDeploymentPostprocessing = 0;
		};
/* End PBXFrameworksBuildPhase section */

/* Begin PBXGroup section */
		720E5E382970A3AB00EFD063 = {
			isa = PBXGroup;
			children = (
				720E5E432970A3AB00EFD063 /* Odev3 */,
				720E5E422970A3AB00EFD063 /* Products */,
			);
			sourceTree = "<group>";
		};
		720E5E422970A3AB00EFD063 /* Products */ = {
			isa = PBXGroup;
			children = (
				720E5E412970A3AB00EFD063 /* Odev3.app */,
			);
			name = Products;
			sourceTree = "<group>";
		};
		720E5E432970A3AB00EFD063 /* Odev3 */ = {
			isa = PBXGroup;
			children = (
				720E5E442970A3AB00EFD063 /* AppDelegate.swift */,
				720E5E462970A3AB00EFD063 /* SceneDelegate.swift */,
				720E5E482970A3AB00EFD063 /* ViewController.swift */,
				720E5E4A2970A3AB00EFD063 /* Main.storyboard */,
				720E5E4D2970A3AC00EFD063 /* Assets.xcassets */,
				720E5E4F2970A3AC00EFD063 /* LaunchScreen.storyboard */,
				720E5E522970A3AC00EFD063 /* Info.plist */,
				72C8DAFE29719CD7001F0C9F /* Fonts */,
			);
			path = Odev3;
			sourceTree = "<group>";
		};
		72C8DAFE29719CD7001F0C9F /* Fonts */ = {
			isa = PBXGroup;
			children = (
				72C8DAFF29719D0B001F0C9F /* Rowdies-Regular.ttf */,
			);
			path = Fonts;
			sourceTree = "<group>";
		};
/* End PBXGroup section */

/* Begin PBXNativeTarget section */
		720E5E402970A3AB00EFD063 /* Odev3 */ = {
			isa = PBXNativeTarget;
			buildConfigurationList = 720E5E552970A3AC00EFD063 /* Build configuration list for PBXNativeTarget "Odev3" */;
			buildPhases = (
				720E5E3D2970A3AB00EFD063 /* Sources */,
				720E5E3E2970A3AB00EFD063 /* Frameworks */,
				720E5E3F2970A3AB00EFD063 /* Resources */,
			);
			buildRules = (
			);
			dependencies = (
			);
			name = Odev3;
			productName = Odev3;
			productReference = 720E5E412970A3AB00EFD063 /* Odev3.app */;
			productType = "com.apple.product-type.application";
		};
/* End PBXNativeTarget section */

/* Begin PBXProject section */
		720E5E392970A3AB00EFD063 /* Project object */ = {
			isa = PBXProject;
			attributes = {
				BuildIndependentTargetsInParallel = 1;
				LastSwiftUpdateCheck = 1420;
				LastUpgradeCheck = 1420;
				TargetAttributes = {
					720E5E402970A3AB00EFD063 = {
						CreatedOnToolsVersion = 14.2;
					};
				};
			};
			buildConfigurationList = 720E5E3C2970A3AB00EFD063 /* Build configuration list for PBXProject "Odev3" */;
			compatibilityVersion = "Xcode 14.0";
			developmentRegion = en;
			hasScannedForEncodings = 0;
			knownRegions = (
				en,
				Base,
				tr,
			);
			mainGroup = 720E5E382970A3AB00EFD063;
			productRefGroup = 720E5E422970A3AB00EFD063 /* Products */;
			projectDirPath = "";
			projectRoot = "";
			targets = (
				720E5E402970A3AB00EFD063 /* Odev3 */,
			);
		};
/* End PBXProject section */

/* Begin PBXResourcesBuildPhase section */
		720E5E3F2970A3AB00EFD063 /* Resources */ = {
			isa = PBXResourcesBuildPhase;
			buildActionMask = 2147483647;
			files = (
				720E5E512970A3AC00EFD063 /* LaunchScreen.storyboard in Resources */,
				720E5E4E2970A3AC00EFD063 /* Assets.xcassets in Resources */,
				720E5E4C2970A3AB00EFD063 /* Main.storyboard in Resources */,
				72C8DB0029719D0B001F0C9F /* Rowdies-Regular.ttf in Resources */,
			);
			runOnlyForDeploymentPostprocessing = 0;
		};
/* End PBXResourcesBuildPhase section */

/* Begin PBXSourcesBuildPhase section */
		720E5E3D2970A3AB00EFD063 /* Sources */ = {
			isa = PBXSourcesBuildPhase;
			buildActionMask = 2147483647;
			files = (
				720E5E492970A3AB00EFD063 /* ViewController.swift in Sources */,
				720E5E452970A3AB00EFD063 /* AppDelegate.swift in Sources */,
				720E5E472970A3AB00EFD063 /* SceneDelegate.swift in Sources */,
			);
			runOnlyForDeploymentPostprocessing = 0;
		};
/* End PBXSourcesBuildPhase section */

/* Begin PBXVariantGroup section */
		720E5E4A2970A3AB00EFD063 /* Main.storyboard */ = {
			isa = PBXVariantGroup;
			children = (
				720E5E4B2970A3AB00EFD063 /* Base */,
				72140E5D2972CDB900AC114E /* tr */,
			);
			name = Main.storyboard;
			sourceTree = "<group>";
		};
		720E5E4F2970A3AC00EFD063 /* LaunchScreen.storyboard */ = {
			isa = PBXVariantGroup;
			children = (
				720E5E502970A3AC00EFD063 /* Base */,
				72140E5E2972CDB900AC114E /* tr */,
			);
			name = LaunchScreen.storyboard;
			sourceTree = "<group>";
		};
/* End PBXVariantGroup section */

/* Begin XCBuildConfiguration section */
		720E5E532970A3AC00EFD063 /* Debug */ = {
			isa = XCBuildConfiguration;
			buildSettings = {
				ALWAYS_SEARCH_USER_PATHS = NO;
				CLANG_ANALYZER_LOCALIZABILITY_NONLOCALIZED = YES;
				CLANG_ANALYZER_NONNULL = YES;
				CLANG_ANALYZER_NUMBER_OBJECT_CONVERSION = YES_AGGRESSIVE;
				CLANG_CXX_LANGUAGE_STANDARD = "gnu++20";
				CLANG_ENABLE_MODULES = YES;
				CLANG_ENABLE_OBJC_ARC = YES;
				CLANG_ENABLE_OBJC_WEAK = YES;
				CLANG_WARN_BLOCK_CAPTURE_AUTORELEASING = YES;
				CLANG_WARN_BOOL_CONVERSION = YES;
				CLANG_WARN_COMMA = YES;
				CLANG_WARN_CONSTANT_CONVERSION = YES;
				CLANG_WARN_DEPRECATED_OBJC_IMPLEMENTATIONS = YES;
				CLANG_WARN_DIRECT_OBJC_ISA_USAGE = YES_ERROR;
				CLANG_WARN_DOCUMENTATION_COMMENTS = YES;
				CLANG_WARN_EMPTY_BODY = YES;
				CLANG_WARN_ENUM_CONVERSION = YES;
				CLANG_WARN_INFINITE_RECURSION = YES;
				CLANG_WARN_INT_CONVERSION = YES;
				CLANG_WARN_NON_LITERAL_NULL_CONVERSION = YES;
				CLANG_WARN_OBJC_IMPLICIT_RETAIN_SELF = YES;
				CLANG_WARN_OBJC_LITERAL_CONVERSION = YES;
				CLANG_WARN_OBJC_ROOT_CLASS = YES_ERROR;
				CLANG_WARN_QUOTED_INCLUDE_IN_FRAMEWORK_HEADER = YES;
				CLANG_WARN_RANGE_LOOP_ANALYSIS = YES;
				CLANG_WARN_STRICT_PROTOTYPES = YES;
				CLANG_WARN_SUSPICIOUS_MOVE = YES;
				CLANG_WARN_UNGUARDED_AVAILABILITY = YES_AGGRESSIVE;
				CLANG_WARN_UNREACHABLE_CODE = YES;
				CLANG_WARN__DUPLICATE_METHOD_MATCH = YES;
				COPY_PHASE_STRIP = NO;
				DEBUG_INFORMATION_FORMAT = dwarf;
				ENABLE_STRICT_OBJC_MSGSEND = YES;
				ENABLE_TESTABILITY = YES;
				GCC_C_LANGUAGE_STANDARD = gnu11;
				GCC_DYNAMIC_NO_PIC = NO;
				GCC_NO_COMMON_BLOCKS = YES;
				GCC_OPTIMIZATION_LEVEL = 0;
				GCC_PREPROCESSOR_DEFINITIONS = (
					"DEBUG=1",
					"$(inherited)",
				);
				GCC_WARN_64_TO_32_BIT_CONVERSION = YES;
				GCC_WARN_ABOUT_RETURN_TYPE = YES_ERROR;
				GCC_WARN_UNDECLARED_SELECTOR = YES;
				GCC_WARN_UNINITIALIZED_AUTOS = YES_AGGRESSIVE;
				GCC_WARN_UNUSED_FUNCTION = YES;
				GCC_WARN_UNUSED_VARIABLE = YES;
				IPHONEOS_DEPLOYMENT_TARGET = 16.2;
				MTL_ENABLE_DEBUG_INFO = INCLUDE_SOURCE;
				MTL_FAST_MATH = YES;
				ONLY_ACTIVE_ARCH = YES;
				SDKROOT = iphoneos;
				SWIFT_ACTIVE_COMPILATION_CONDITIONS = DEBUG;
				SWIFT_OPTIMIZATION_LEVEL = "-Onone";
			};
			name = Debug;
		};
		720E5E542970A3AC00EFD063 /* Release */ = {
			isa = XCBuildConfiguration;
			buildSettings = {
				ALWAYS_SEARCH_USER_PATHS = NO;
				CLANG_ANALYZER_LOCALIZABILITY_NONLOCALIZED = YES;
				CLANG_ANALYZER_NONNULL = YES;
				CLANG_ANALYZER_NUMBER_OBJECT_CONVERSION = YES_AGGRESSIVE;
				CLANG_CXX_LANGUAGE_STANDARD = "gnu++20";
				CLANG_ENABLE_MODULES = YES;
				CLANG_ENABLE_OBJC_ARC = YES;
				CLANG_ENABLE_OBJC_WEAK = YES;
				CLANG_WARN_BLOCK_CAPTURE_AUTORELEASING = YES;
				CLANG_WARN_BOOL_CONVERSION = YES;
				CLANG_WARN_COMMA = YES;
				CLANG_WARN_CONSTANT_CONVERSION = YES;
				CLANG_WARN_DEPRECATED_OBJC_IMPLEMENTATIONS = YES;
				CLANG_WARN_DIRECT_OBJC_ISA_USAGE = YES_ERROR;
				CLANG_WARN_DOCUMENTATION_COMMENTS = YES;
				CLANG_WARN_EMPTY_BODY = YES;
				CLANG_WARN_ENUM_CONVERSION = YES;
				CLANG_WARN_INFINITE_RECURSION = YES;
				CLANG_WARN_INT_CONVERSION = YES;
				CLANG_WARN_NON_LITERAL_NULL_CONVERSION = YES;
				CLANG_WARN_OBJC_IMPLICIT_RETAIN_SELF = YES;
				CLANG_WARN_OBJC_LITERAL_CONVERSION = YES;
				CLANG_WARN_OBJC_ROOT_CLASS = YES_ERROR;
				CLANG_WARN_QUOTED_INCLUDE_IN_FRAMEWORK_HEADER = YES;
				CLANG_WARN_RANGE_LOOP_ANALYSIS = YES;
				CLANG_WARN_STRICT_PROTOTYPES = YES;
				CLANG_WARN_SUSPICIOUS_MOVE = YES;
				CLANG_WARN_UNGUARDED_AVAILABILITY = YES_AGGRESSIVE;
				CLANG_WARN_UNREACHABLE_CODE = YES;
				CLANG_WARN__DUPLICATE_METHOD_MATCH = YES;
				COPY_PHASE_STRIP = NO;
				DEBUG_INFORMATION_FORMAT = "dwarf-with-dsym";
				ENABLE_NS_ASSERTIONS = NO;
				ENABLE_STRICT_OBJC_MSGSEND = YES;
				GCC_C_LANGUAGE_STANDARD = gnu11;
				GCC_NO_COMMON_BLOCKS = YES;
				GCC_WARN_64_TO_32_BIT_CONVERSION = YES;
				GCC_WARN_ABOUT_RETURN_TYPE = YES_ERROR;
				GCC_WARN_UNDECLARED_SELECTOR = YES;
				GCC_WARN_UNINITIALIZED_AUTOS = YES_AGGRESSIVE;
				GCC_WARN_UNUSED_FUNCTION = YES;
				GCC_WARN_UNUSED_VARIABLE = YES;
				IPHONEOS_DEPLOYMENT_TARGET = 16.2;
				MTL_ENABLE_DEBUG_INFO = NO;
				MTL_FAST_MATH = YES;
				SDKROOT = iphoneos;
				SWIFT_COMPILATION_MODE = wholemodule;
				SWIFT_OPTIMIZATION_LEVEL = "-O";
				VALIDATE_PRODUCT = YES;
			};
			name = Release;
		};
		720E5E562970A3AC00EFD063 /* Debug */ = {
			isa = XCBuildConfiguration;
			buildSettings = {
				ASSETCATALOG_COMPILER_APPICON_NAME = AppIcon;
				ASSETCATALOG_COMPILER_GLOBAL_ACCENT_COLOR_NAME = AccentColor;
				CODE_SIGN_STYLE = Automatic;
				CURRENT_PROJECT_VERSION = 1;
				DEVELOPMENT_TEAM = 256W244HXN;
				GENERATE_INFOPLIST_FILE = YES;
				INFOPLIST_FILE = Odev3/Info.plist;
				INFOPLIST_KEY_CFBundleDisplayName = "Guitar Center";
				INFOPLIST_KEY_UIApplicationSupportsIndirectInputEvents = YES;
				INFOPLIST_KEY_UILaunchStoryboardName = LaunchScreen;
				INFOPLIST_KEY_UIMainStoryboardFile = Main;
				INFOPLIST_KEY_UISupportedInterfaceOrientations_iPad = "UIInterfaceOrientationPortrait UIInterfaceOrientationPortraitUpsideDown UIInterfaceOrientationLandscapeLeft UIInterfaceOrientationLandscapeRight";
				INFOPLIST_KEY_UISupportedInterfaceOrientations_iPhone = "UIInterfaceOrientationPortrait UIInterfaceOrientationLandscapeLeft UIInterfaceOrientationLandscapeRight";
				LD_RUNPATH_SEARCH_PATHS = (
					"$(inherited)",
					"@executable_path/Frameworks",
				);
				MARKETING_VERSION = 1.0;
				PRODUCT_BUNDLE_IDENTIFIER = com.info.Odev3;
				PRODUCT_NAME = "$(TARGET_NAME)";
				SWIFT_EMIT_LOC_STRINGS = YES;
				SWIFT_VERSION = 5.0;
				TARGETED_DEVICE_FAMILY = "1,2";
			};
			name = Debug;
		};
		720E5E572970A3AC00EFD063 /* Release */ = {
			isa = XCBuildConfiguration;
			buildSettings = {
				ASSETCATALOG_COMPILER_APPICON_NAME = AppIcon;
				ASSETCATALOG_COMPILER_GLOBAL_ACCENT_COLOR_NAME = AccentColor;
				CODE_SIGN_STYLE = Automatic;
				CURRENT_PROJECT_VERSION = 1;
				DEVELOPMENT_TEAM = 256W244HXN;
				GENERATE_INFOPLIST_FILE = YES;
				INFOPLIST_FILE = Odev3/Info.plist;
				INFOPLIST_KEY_CFBundleDisplayName = "Guitar Center";
				INFOPLIST_KEY_UIApplicationSupportsIndirectInputEvents = YES;
				INFOPLIST_KEY_UILaunchStoryboardName = LaunchScreen;
				INFOPLIST_KEY_UIMainStoryboardFile = Main;
				INFOPLIST_KEY_UISupportedInterfaceOrientations_iPad = "UIInterfaceOrientationPortrait UIInterfaceOrientationPortraitUpsideDown UIInterfaceOrientationLandscapeLeft UIInterfaceOrientationLandscapeRight";
				INFOPLIST_KEY_UISupportedInterfaceOrientations_iPhone = "UIInterfaceOrientationPortrait UIInterfaceOrientationLandscapeLeft UIInterfaceOrientationLandscapeRight";
				LD_RUNPATH_SEARCH_PATHS = (
					"$(inherited)",
					"@executable_path/Frameworks",
				);
				MARKETING_VERSION = 1.0;
				PRODUCT_BUNDLE_IDENTIFIER = com.info.Odev3;
				PRODUCT_NAME = "$(TARGET_NAME)";
				SWIFT_EMIT_LOC_STRINGS = YES;
				SWIFT_VERSION = 5.0;
				TARGETED_DEVICE_FAMILY = "1,2";
			};
			name = Release;
		};
/* End XCBuildConfiguration section */

/* Begin XCConfigurationList section */
		720E5E3C2970A3AB00EFD063 /* Build configuration list for PBXProject "Odev3" */ = {
			isa = XCConfigurationList;
			buildConfigurations = (
				720E5E532970A3AC00EFD063 /* Debug */,
				720E5E542970A3AC00EFD063 /* Release */,
			);
			defaultConfigurationIsVisible = 0;
			defaultConfigurationName = Release;
		};
		720E5E552970A3AC00EFD063 /* Build configuration list for PBXNativeTarget "Odev3" */ = {
			isa = XCConfigurationList;
			buildConfigurations = (
				720E5E562970A3AC00EFD063 /* Debug */,
				720E5E572970A3AC00EFD063 /* Release */,
			);
			defaultConfigurationIsVisible = 0;
			defaultConfigurationName = Release;
		};
/* End XCConfigurationList section */
	};
	rootObject = 720E5E392970A3AB00EFD063 /* Project object */;
}
